{
    "_readme": [
        "This file locks the dependencies of your project to a known state",
        "Read more about it at https://getcomposer.org/doc/01-basic-usage.md#installing-dependencies",
        "This file is @generated automatically"
    ],
    "content-hash": "40ff71dba9cd6707f14d3faab828550e",
    "packages": [
        {
            "name": "johnpbloch/wordpress",
            "version": "6.8.0",
            "source": {
                "type": "git",
                "url": "https://github.com/johnpbloch/wordpress.git",
                "reference": "1bce452396c7aae56b142f8652daf64a9a355a80"
            },
            "dist": {
                "type": "zip",
                "url": "https://api.github.com/repos/johnpbloch/wordpress/zipball/1bce452396c7aae56b142f8652daf64a9a355a80",
                "reference": "1bce452396c7aae56b142f8652daf64a9a355a80",
                "shasum": ""
            },
            "require": {
                "johnpbloch/wordpress-core": "6.8.0",
                "johnpbloch/wordpress-core-installer": "^1.0 || ^2.0",
                "php": ">=7.0.0"
            },
            "type": "package",
            "notification-url": "https://packagist.org/downloads/",
            "license": [
                "GPL-2.0-or-later"
            ],
            "authors": [
                {
                    "name": "WordPress Community",
                    "homepage": "https://wordpress.org/about/"
                }
            ],
            "description": "WordPress is open source software you can use to create a beautiful website, blog, or app.",
            "homepage": "https://wordpress.org/",
            "keywords": [
                "blog",
                "cms",
                "wordpress"
            ],
            "support": {
                "docs": "https://developer.wordpress.org/",
                "forum": "https://wordpress.org/support/",
                "irc": "irc://irc.freenode.net/wordpress",
                "issues": "https://core.trac.wordpress.org/",
                "source": "https://core.trac.wordpress.org/browser"
            },
            "time": "2025-04-15T15:47:25+00:00"
        },
        {
            "name": "johnpbloch/wordpress-core",
            "version": "6.8.0",
            "source": {
                "type": "git",
                "url": "https://github.com/johnpbloch/wordpress-core.git",
                "reference": "74197a5012b0a72834ffc58bb32ef0045f15a26c"
            },
            "dist": {
                "type": "zip",
                "url": "https://api.github.com/repos/johnpbloch/wordpress-core/zipball/74197a5012b0a72834ffc58bb32ef0045f15a26c",
                "reference": "74197a5012b0a72834ffc58bb32ef0045f15a26c",
                "shasum": ""
            },
            "require": {
                "ext-json": "*",
                "php": ">=7.2.24"
            },
            "provide": {
                "wordpress/core-implementation": "6.8.0"
            },
            "type": "wordpress-core",
            "notification-url": "https://packagist.org/downloads/",
            "license": [
                "GPL-2.0-or-later"
            ],
            "authors": [
                {
                    "name": "WordPress Community",
                    "homepage": "https://wordpress.org/about/"
                }
            ],
            "description": "WordPress is open source software you can use to create a beautiful website, blog, or app.",
            "homepage": "https://wordpress.org/",
            "keywords": [
                "blog",
                "cms",
                "wordpress"
            ],
            "support": {
                "forum": "https://wordpress.org/support/",
                "irc": "irc://irc.freenode.net/wordpress",
                "issues": "https://core.trac.wordpress.org/",
                "source": "https://core.trac.wordpress.org/browser",
                "wiki": "https://codex.wordpress.org/"
            },
            "time": "2025-04-15T15:47:20+00:00"
        },
        {
            "name": "johnpbloch/wordpress-core-installer",
            "version": "2.0.0",
            "source": {
                "type": "git",
                "url": "https://github.com/johnpbloch/wordpress-core-installer.git",
                "reference": "237faae9a60a4a2e1d45dce1a5836ffa616de63e"
            },
            "dist": {
                "type": "zip",
                "url": "https://api.github.com/repos/johnpbloch/wordpress-core-installer/zipball/237faae9a60a4a2e1d45dce1a5836ffa616de63e",
                "reference": "237faae9a60a4a2e1d45dce1a5836ffa616de63e",
                "shasum": ""
            },
            "require": {
                "composer-plugin-api": "^1.0 || ^2.0",
                "php": ">=5.6.0"
            },
            "conflict": {
                "composer/installers": "<1.0.6"
            },
            "require-dev": {
                "composer/composer": "^1.0 || ^2.0",
                "phpunit/phpunit": ">=5.7.27"
            },
            "type": "composer-plugin",
            "extra": {
                "class": "johnpbloch\\Composer\\WordPressCorePlugin"
            },
            "autoload": {
                "psr-0": {
                    "johnpbloch\\Composer\\": "src/"
                }
            },
            "notification-url": "https://packagist.org/downloads/",
            "license": [
                "GPL-2.0-or-later"
            ],
            "authors": [
                {
                    "name": "John P. Bloch",
                    "email": "me@johnpbloch.com"
                }
            ],
            "description": "A custom installer to handle deploying WordPress with composer",
            "keywords": [
                "wordpress"
            ],
            "support": {
                "issues": "https://github.com/johnpbloch/wordpress-core-installer/issues",
                "source": "https://github.com/johnpbloch/wordpress-core-installer/tree/master"
            },
            "time": "2020-04-16T21:44:57+00:00"
        }
    ],
    "packages-dev": [
        {
            "name": "php-stubs/acf-pro-stubs",
            "version": "v6.3.10",
            "source": {
                "type": "git",
                "url": "https://github.com/php-stubs/acf-pro-stubs.git",
                "reference": "49a1766f214c8a8484b0b3c2de2a8188ce4fc354"
            },
            "dist": {
                "type": "zip",
                "url": "https://api.github.com/repos/php-stubs/acf-pro-stubs/zipball/49a1766f214c8a8484b0b3c2de2a8188ce4fc354",
                "reference": "49a1766f214c8a8484b0b3c2de2a8188ce4fc354",
                "shasum": ""
            },
            "require": {
                "php-stubs/wordpress-stubs": "^4.7 || ^5.0 || ^6.0"
            },
            "require-dev": {
                "php": "~7.1 || ^8.0",
                "php-stubs/generator": "^0.8",
                "phpdocumentor/reflection-docblock": "^5.3"
            },
            "suggest": {
                "symfony/polyfill-php73": "Symfony polyfill backporting some PHP 7.3+ features to lower PHP versions",
                "szepeviktor/phpstan-wordpress": "WordPress extensions for PHPStan"
            },
            "type": "library",
            "extra": {
                "installer-paths": {
                    "source/{$name}/": [
                        "type:wordpress-plugin"
                    ]
                }
            },
            "notification-url": "https://packagist.org/downloads/",
            "license": [
                "MIT"
            ],
            "description": "Advanced Custom Fields PRO stubs for static analysis.",
            "homepage": "https://github.com/php-stubs/acf-pro-stubs",
            "keywords": [
                "PHPStan",
                "acf",
                "static analysis",
                "wordpress"
            ],
            "support": {
                "issues": "https://github.com/php-stubs/acf-pro-stubs/issues",
                "source": "https://github.com/php-stubs/acf-pro-stubs/tree/v6.3.10"
            },
            "time": "2024-11-06T12:26:27+00:00"
        },
        {
            "name": "php-stubs/wordpress-stubs",
            "version": "v6.8.0",
            "source": {
                "type": "git",
                "url": "https://github.com/php-stubs/wordpress-stubs.git",
                "reference": "1824db4d1d00d32c0119175d2369d9425dbc4953"
            },
            "dist": {
                "type": "zip",
                "url": "https://api.github.com/repos/php-stubs/wordpress-stubs/zipball/1824db4d1d00d32c0119175d2369d9425dbc4953",
                "reference": "1824db4d1d00d32c0119175d2369d9425dbc4953",
                "shasum": ""
            },
            "conflict": {
                "phpdocumentor/reflection-docblock": "5.6.1"
            },
            "require-dev": {
                "dealerdirect/phpcodesniffer-composer-installer": "^1.0",
                "nikic/php-parser": "^4.13",
                "php": "^7.4 || ^8.0",
                "php-stubs/generator": "^0.8.3",
                "phpdocumentor/reflection-docblock": "^5.4.1",
                "phpstan/phpstan": "^2.1",
                "phpunit/phpunit": "^9.5",
                "szepeviktor/phpcs-psr-12-neutron-hybrid-ruleset": "^1.1.1",
                "wp-coding-standards/wpcs": "3.1.0 as 2.3.0"
            },
            "suggest": {
                "paragonie/sodium_compat": "Pure PHP implementation of libsodium",
                "symfony/polyfill-php80": "Symfony polyfill backporting some PHP 8.0+ features to lower PHP versions",
                "szepeviktor/phpstan-wordpress": "WordPress extensions for PHPStan"
            },
            "type": "library",
            "notification-url": "https://packagist.org/downloads/",
            "license": [
                "MIT"
            ],
            "description": "WordPress function and class declaration stubs for static analysis.",
            "homepage": "https://github.com/php-stubs/wordpress-stubs",
            "keywords": [
                "PHPStan",
                "static analysis",
                "wordpress"
            ],
            "support": {
                "issues": "https://github.com/php-stubs/wordpress-stubs/issues",
                "source": "https://github.com/php-stubs/wordpress-stubs/tree/v6.8.0"
            },
            "time": "2025-04-17T15:13:53+00:00"
        }
    ],
    "aliases": [],
    "minimum-stability": "stable",
    "stability-flags": [],
    "prefer-stable": false,
    "prefer-lowest": false,
    "platform": [],
    "platform-dev": [],
    "plugin-api-version": "2.6.0"
}
